// !$*UTF8*$!
{
	archiveVersion = 1;
	classes = {
	};
	objectVersion = 46;
	objects = {

/* Begin PBXBuildFile section */
		63DEF82B1CBCA0870093230C /* main.m in Sources */ = {isa = PBXBuildFile; fileRef = 63DEF82A1CBCA0870093230C /* main.m */; };
		63DEF82E1CBCA0870093230C /* AppDelegate.m in Sources */ = {isa = PBXBuildFile; fileRef = 63DEF82D1CBCA0870093230C /* AppDelegate.m */; };
		63DEF8361CBCA0870093230C /* Assets.xcassets in Resources */ = {isa = PBXBuildFile; fileRef = 63DEF8351CBCA0870093230C /* Assets.xcassets */; };
		63DEF8391CBCA0870093230C /* LaunchScreen.storyboard in Resources */ = {isa = PBXBuildFile; fileRef = 63DEF8371CBCA0870093230C /* LaunchScreen.storyboard */; };
		63DEF8441CBCA0870093230C /* HaiFeiArrangeProjectTests.m in Sources */ = {isa = PBXBuildFile; fileRef = 63DEF8431CBCA0870093230C /* HaiFeiArrangeProjectTests.m */; };
		63DEF84F1CBCA0870093230C /* HaiFeiArrangeProjectUITests.m in Sources */ = {isa = PBXBuildFile; fileRef = 63DEF84E1CBCA0870093230C /* HaiFeiArrangeProjectUITests.m */; };
		6C1D7EF820F4927300CB6465 /* HFBaseViewController.m in Sources */ = {isa = PBXBuildFile; fileRef = 6C1D7EF720F4927300CB6465 /* HFBaseViewController.m */; };
		6C1D7EFB20F4928B00CB6465 /* HFHomeViewController.m in Sources */ = {isa = PBXBuildFile; fileRef = 6C1D7EFA20F4928B00CB6465 /* HFHomeViewController.m */; };
		6C1D7EFE20F49DCE00CB6465 /* HFMutThreadHomeViewController.m in Sources */ = {isa = PBXBuildFile; fileRef = 6C1D7EFD20F49DCE00CB6465 /* HFMutThreadHomeViewController.m */; };
/* End PBXBuildFile section */

/* Begin PBXContainerItemProxy section */
		63DEF8401CBCA0870093230C /* PBXContainerItemProxy */ = {
			isa = PBXContainerItemProxy;
			containerPortal = 63DEF81E1CBCA0870093230C /* Project object */;
			proxyType = 1;
			remoteGlobalIDString = 63DEF8251CBCA0870093230C;
			remoteInfo = HaiFeiArrangeProject;
		};
		63DEF84B1CBCA0870093230C /* PBXContainerItemProxy */ = {
			isa = PBXContainerItemProxy;
			containerPortal = 63DEF81E1CBCA0870093230C /* Project object */;
			proxyType = 1;
			remoteGlobalIDString = 63DEF8251CBCA0870093230C;
			remoteInfo = HaiFeiArrangeProject;
		};
/* End PBXContainerItemProxy section */

/* Begin PBXFileReference section */
		63DEF8261CBCA0870093230C /* HaiFeiArrangeProject.app */ = {isa = PBXFileReference; explicitFileType = wrapper.application; includeInIndex = 0; path = HaiFeiArrangeProject.app; sourceTree = BUILT_PRODUCTS_DIR; };
		63DEF82A1CBCA0870093230C /* main.m */ = {isa = PBXFileReference; lastKnownFileType = sourcecode.c.objc; path = main.m; sourceTree = "<group>"; };
		63DEF82C1CBCA0870093230C /* AppDelegate.h */ = {isa = PBXFileReference; lastKnownFileType = sourcecode.c.h; path = AppDelegate.h; sourceTree = "<group>"; };
		63DEF82D1CBCA0870093230C /* AppDelegate.m */ = {isa = PBXFileReference; lastKnownFileType = sourcecode.c.objc; path = AppDelegate.m; sourceTree = "<group>"; };
		63DEF8351CBCA0870093230C /* Assets.xcassets */ = {isa = PBXFileReference; lastKnownFileType = folder.assetcatalog; path = Assets.xcassets; sourceTree = "<group>"; };
		63DEF8381CBCA0870093230C /* Base */ = {isa = PBXFileReference; lastKnownFileType = file.storyboard; name = Base; path = Base.lproj/LaunchScreen.storyboard; sourceTree = "<group>"; };
		63DEF83A1CBCA0870093230C /* Info.plist */ = {isa = PBXFileReference; lastKnownFileType = text.plist.xml; path = Info.plist; sourceTree = "<group>"; };
		63DEF83F1CBCA0870093230C /* HaiFeiArrangeProjectTests.xctest */ = {isa = PBXFileReference; explicitFileType = wrapper.cfbundle; includeInIndex = 0; path = HaiFeiArrangeProjectTests.xctest; sourceTree = BUILT_PRODUCTS_DIR; };
		63DEF8431CBCA0870093230C /* HaiFeiArrangeProjectTests.m */ = {isa = PBXFileReference; lastKnownFileType = sourcecode.c.objc; path = HaiFeiArrangeProjectTests.m; sourceTree = "<group>"; };
		63DEF8451CBCA0870093230C /* Info.plist */ = {isa = PBXFileReference; lastKnownFileType = text.plist.xml; path = Info.plist; sourceTree = "<group>"; };
		63DEF84A1CBCA0870093230C /* HaiFeiArrangeProjectUITests.xctest */ = {isa = PBXFileReference; explicitFileType = wrapper.cfbundle; includeInIndex = 0; path = HaiFeiArrangeProjectUITests.xctest; sourceTree = BUILT_PRODUCTS_DIR; };
		63DEF84E1CBCA0870093230C /* HaiFeiArrangeProjectUITests.m */ = {isa = PBXFileReference; lastKnownFileType = sourcecode.c.objc; path = HaiFeiArrangeProjectUITests.m; sourceTree = "<group>"; };
		63DEF8501CBCA0870093230C /* Info.plist */ = {isa = PBXFileReference; lastKnownFileType = text.plist.xml; path = Info.plist; sourceTree = "<group>"; };
		6C1D7EF620F4927300CB6465 /* HFBaseViewController.h */ = {isa = PBXFileReference; lastKnownFileType = sourcecode.c.h; path = HFBaseViewController.h; sourceTree = "<group>"; };
		6C1D7EF720F4927300CB6465 /* HFBaseViewController.m */ = {isa = PBXFileReference; lastKnownFileType = sourcecode.c.objc; path = HFBaseViewController.m; sourceTree = "<group>"; };
		6C1D7EF920F4928B00CB6465 /* HFHomeViewController.h */ = {isa = PBXFileReference; lastKnownFileType = sourcecode.c.h; path = HFHomeViewController.h; sourceTree = "<group>"; };
		6C1D7EFA20F4928B00CB6465 /* HFHomeViewController.m */ = {isa = PBXFileReference; lastKnownFileType = sourcecode.c.objc; path = HFHomeViewController.m; sourceTree = "<group>"; };
		6C1D7EFC20F49DCE00CB6465 /* HFMutThreadHomeViewController.h */ = {isa = PBXFileReference; lastKnownFileType = sourcecode.c.h; path = HFMutThreadHomeViewController.h; sourceTree = "<group>"; };
		6C1D7EFD20F49DCE00CB6465 /* HFMutThreadHomeViewController.m */ = {isa = PBXFileReference; lastKnownFileType = sourcecode.c.objc; path = HFMutThreadHomeViewController.m; sourceTree = "<group>"; };
/* End PBXFileReference section */

/* Begin PBXFrameworksBuildPhase section */
		63DEF8231CBCA0870093230C /* Frameworks */ = {
			isa = PBXFrameworksBuildPhase;
			buildActionMask = 2147483647;
			files = (
			);
			runOnlyForDeploymentPostprocessing = 0;
		};
		63DEF83C1CBCA0870093230C /* Frameworks */ = {
			isa = PBXFrameworksBuildPhase;
			buildActionMask = 2147483647;
			files = (
			);
			runOnlyForDeploymentPostprocessing = 0;
		};
		63DEF8471CBCA0870093230C /* Frameworks */ = {
			isa = PBXFrameworksBuildPhase;
			buildActionMask = 2147483647;
			files = (
			);
			runOnlyForDeploymentPostprocessing = 0;
		};
/* End PBXFrameworksBuildPhase section */

/* Begin PBXGroup section */
		63DEF81D1CBCA0870093230C = {
			isa = PBXGroup;
			children = (
				63DEF8281CBCA0870093230C /* HaiFeiArrangeProject */,
				63DEF8421CBCA0870093230C /* HaiFeiArrangeProjectTests */,
				63DEF84D1CBCA0870093230C /* HaiFeiArrangeProjectUITests */,
				63DEF8271CBCA0870093230C /* Products */,
			);
			sourceTree = "<group>";
		};
		63DEF8271CBCA0870093230C /* Products */ = {
			isa = PBXGroup;
			children = (
				63DEF8261CBCA0870093230C /* HaiFeiArrangeProject.app */,
				63DEF83F1CBCA0870093230C /* HaiFeiArrangeProjectTests.xctest */,
				63DEF84A1CBCA0870093230C /* HaiFeiArrangeProjectUITests.xctest */,
			);
			name = Products;
			sourceTree = "<group>";
		};
		63DEF8281CBCA0870093230C /* HaiFeiArrangeProject */ = {
			isa = PBXGroup;
			children = (
				63DEF82C1CBCA0870093230C /* AppDelegate.h */,
				63DEF82D1CBCA0870093230C /* AppDelegate.m */,
				6C1D7EF620F4927300CB6465 /* HFBaseViewController.h */,
				6C1D7EF720F4927300CB6465 /* HFBaseViewController.m */,
				6C1D7EF920F4928B00CB6465 /* HFHomeViewController.h */,
				6C1D7EFA20F4928B00CB6465 /* HFHomeViewController.m */,
				6C1D7EFC20F49DCE00CB6465 /* HFMutThreadHomeViewController.h */,
				6C1D7EFD20F49DCE00CB6465 /* HFMutThreadHomeViewController.m */,
				63DEF8351CBCA0870093230C /* Assets.xcassets */,
				63DEF8371CBCA0870093230C /* LaunchScreen.storyboard */,
				63DEF83A1CBCA0870093230C /* Info.plist */,
				63DEF8291CBCA0870093230C /* Supporting Files */,
			);
			path = HaiFeiArrangeProject;
			sourceTree = "<group>";
		};
		63DEF8291CBCA0870093230C /* Supporting Files */ = {
			isa = PBXGroup;
			children = (
				63DEF82A1CBCA0870093230C /* main.m */,
			);
			name = "Supporting Files";
			sourceTree = "<group>";
		};
		63DEF8421CBCA0870093230C /* HaiFeiArrangeProjectTests */ = {
			isa = PBXGroup;
			children = (
				63DEF8431CBCA0870093230C /* HaiFeiArrangeProjectTests.m */,
				63DEF8451CBCA0870093230C /* Info.plist */,
			);
			path = HaiFeiArrangeProjectTests;
			sourceTree = "<group>";
		};
		63DEF84D1CBCA0870093230C /* HaiFeiArrangeProjectUITests */ = {
			isa = PBXGroup;
			children = (
				63DEF84E1CBCA0870093230C /* HaiFeiArrangeProjectUITests.m */,
				63DEF8501CBCA0870093230C /* Info.plist */,
			);
			path = HaiFeiArrangeProjectUITests;
			sourceTree = "<group>";
		};
/* End PBXGroup section */

/* Begin PBXNativeTarget section */
		63DEF8251CBCA0870093230C /* HaiFeiArrangeProject */ = {
			isa = PBXNativeTarget;
			buildConfigurationList = 63DEF8531CBCA0870093230C /* Build configuration list for PBXNativeTarget "HaiFeiArrangeProject" */;
			buildPhases = (
				63DEF8221CBCA0870093230C /* Sources */,
				63DEF8231CBCA0870093230C /* Frameworks */,
				63DEF8241CBCA0870093230C /* Resources */,
			);
			buildRules = (
			);
			dependencies = (
			);
			name = HaiFeiArrangeProject;
			productName = HaiFeiArrangeProject;
			productReference = 63DEF8261CBCA0870093230C /* HaiFeiArrangeProject.app */;
			productType = "com.apple.product-type.application";
		};
		63DEF83E1CBCA0870093230C /* HaiFeiArrangeProjectTests */ = {
			isa = PBXNativeTarget;
			buildConfigurationList = 63DEF8561CBCA0870093230C /* Build configuration list for PBXNativeTarget "HaiFeiArrangeProjectTests" */;
			buildPhases = (
				63DEF83B1CBCA0870093230C /* Sources */,
				63DEF83C1CBCA0870093230C /* Frameworks */,
				63DEF83D1CBCA0870093230C /* Resources */,
			);
			buildRules = (
			);
			dependencies = (
				63DEF8411CBCA0870093230C /* PBXTargetDependency */,
			);
			name = HaiFeiArrangeProjectTests;
			productName = HaiFeiArrangeProjectTests;
			productReference = 63DEF83F1CBCA0870093230C /* HaiFeiArrangeProjectTests.xctest */;
			productType = "com.apple.product-type.bundle.unit-test";
		};
		63DEF8491CBCA0870093230C /* HaiFeiArrangeProjectUITests */ = {
			isa = PBXNativeTarget;
			buildConfigurationList = 63DEF8591CBCA0870093230C /* Build configuration list for PBXNativeTarget "HaiFeiArrangeProjectUITests" */;
			buildPhases = (
				63DEF8461CBCA0870093230C /* Sources */,
				63DEF8471CBCA0870093230C /* Frameworks */,
				63DEF8481CBCA0870093230C /* Resources */,
			);
			buildRules = (
			);
			dependencies = (
				63DEF84C1CBCA0870093230C /* PBXTargetDependency */,
			);
			name = HaiFeiArrangeProjectUITests;
			productName = HaiFeiArrangeProjectUITests;
			productReference = 63DEF84A1CBCA0870093230C /* HaiFeiArrangeProjectUITests.xctest */;
			productType = "com.apple.product-type.bundle.ui-testing";
		};
/* End PBXNativeTarget section */

/* Begin PBXProject section */
		63DEF81E1CBCA0870093230C /* Project object */ = {
			isa = PBXProject;
			attributes = {
				CLASSPREFIX = HF;
				LastUpgradeCheck = 0720;
				ORGANIZATIONNAME = HaiFeiExplorer;
				TargetAttributes = {
					63DEF8251CBCA0870093230C = {
						CreatedOnToolsVersion = 7.2.1;
						DevelopmentTeam = M9UPX4LZRG;
					};
					63DEF83E1CBCA0870093230C = {
						CreatedOnToolsVersion = 7.2.1;
						TestTargetID = 63DEF8251CBCA0870093230C;
					};
					63DEF8491CBCA0870093230C = {
						CreatedOnToolsVersion = 7.2.1;
						TestTargetID = 63DEF8251CBCA0870093230C;
					};
				};
			};
			buildConfigurationList = 63DEF8211CBCA0870093230C /* Build configuration list for PBXProject "HaiFeiArrangeProject" */;
			compatibilityVersion = "Xcode 3.2";
			developmentRegion = English;
			hasScannedForEncodings = 0;
			knownRegions = (
				en,
				Base,
			);
			mainGroup = 63DEF81D1CBCA0870093230C;
			productRefGroup = 63DEF8271CBCA0870093230C /* Products */;
			projectDirPath = "";
			projectRoot = "";
			targets = (
				63DEF8251CBCA0870093230C /* HaiFeiArrangeProject */,
				63DEF83E1CBCA0870093230C /* HaiFeiArrangeProjectTests */,
				63DEF8491CBCA0870093230C /* HaiFeiArrangeProjectUITests */,
			);
		};
/* End PBXProject section */

/* Begin PBXResourcesBuildPhase section */
		63DEF8241CBCA0870093230C /* Resources */ = {
			isa = PBXResourcesBuildPhase;
			buildActionMask = 2147483647;
			files = (
				63DEF8391CBCA0870093230C /* LaunchScreen.storyboard in Resources */,
				63DEF8361CBCA0870093230C /* Assets.xcassets in Resources */,
			);
			runOnlyForDeploymentPostprocessing = 0;
		};
		63DEF83D1CBCA0870093230C /* Resources */ = {
			isa = PBXResourcesBuildPhase;
			buildActionMask = 2147483647;
			files = (
			);
			runOnlyForDeploymentPostprocessing = 0;
		};
		63DEF8481CBCA0870093230C /* Resources */ = {
			isa = PBXResourcesBuildPhase;
			buildActionMask = 2147483647;
			files = (
			);
			runOnlyForDeploymentPostprocessing = 0;
		};
/* End PBXResourcesBuildPhase section */

/* Begin PBXSourcesBuildPhase section */
		63DEF8221CBCA0870093230C /* Sources */ = {
			isa = PBXSourcesBuildPhase;
			buildActionMask = 2147483647;
			files = (
				6C1D7EF820F4927300CB6465 /* HFBaseViewController.m in Sources */,
				63DEF82E1CBCA0870093230C /* AppDelegate.m in Sources */,
				63DEF82B1CBCA0870093230C /* main.m in Sources */,
				6C1D7EFB20F4928B00CB6465 /* HFHomeViewController.m in Sources */,
				6C1D7EFE20F49DCE00CB6465 /* HFMutThreadHomeViewController.m in Sources */,
			);
			runOnlyForDeploymentPostprocessing = 0;
		};
		63DEF83B1CBCA0870093230C /* Sources */ = {
			isa = PBXSourcesBuildPhase;
			buildActionMask = 2147483647;
			files = (
				63DEF8441CBCA0870093230C /* HaiFeiArrangeProjectTests.m in Sources */,
			);
			runOnlyForDeploymentPostprocessing = 0;
		};
		63DEF8461CBCA0870093230C /* Sources */ = {
			isa = PBXSourcesBuildPhase;
			buildActionMask = 2147483647;
			files = (
				63DEF84F1CBCA0870093230C /* HaiFeiArrangeProjectUITests.m in Sources */,
			);
			runOnlyForDeploymentPostprocessing = 0;
		};
/* End PBXSourcesBuildPhase section */

/* Begin PBXTargetDependency section */
		63DEF8411CBCA0870093230C /* PBXTargetDependency */ = {
			isa = PBXTargetDependency;
			target = 63DEF8251CBCA0870093230C /* HaiFeiArrangeProject */;
			targetProxy = 63DEF8401CBCA0870093230C /* PBXContainerItemProxy */;
		};
		63DEF84C1CBCA0870093230C /* PBXTargetDependency */ = {
			isa = PBXTargetDependency;
			target = 63DEF8251CBCA0870093230C /* HaiFeiArrangeProject */;
			targetProxy = 63DEF84B1CBCA0870093230C /* PBXContainerItemProxy */;
		};
/* End PBXTargetDependency section */

/* Begin PBXVariantGroup section */
		63DEF8371CBCA0870093230C /* LaunchScreen.storyboard */ = {
			isa = PBXVariantGroup;
			children = (
				63DEF8381CBCA0870093230C /* Base */,
			);
			name = LaunchScreen.storyboard;
			sourceTree = "<group>";
		};
/* End PBXVariantGroup section */

/* Begin XCBuildConfiguration section */
		63DEF8511CBCA0870093230C /* Debug */ = {
			isa = XCBuildConfiguration;
			buildSettings = {
				ALWAYS_SEARCH_USER_PATHS = NO;
				CLANG_CXX_LANGUAGE_STANDARD = "gnu++0x";
				CLANG_CXX_LIBRARY = "libc++";
				CLANG_ENABLE_MODULES = YES;
				CLANG_ENABLE_OBJC_ARC = YES;
				CLANG_WARN_BOOL_CONVERSION = YES;
				CLANG_WARN_CONSTANT_CONVERSION = YES;
				CLANG_WARN_DIRECT_OBJC_ISA_USAGE = YES_ERROR;
				CLANG_WARN_EMPTY_BODY = YES;
				CLANG_WARN_ENUM_CONVERSION = YES;
				CLANG_WARN_INT_CONVERSION = YES;
				CLANG_WARN_OBJC_ROOT_CLASS = YES_ERROR;
				CLANG_WARN_UNREACHABLE_CODE = YES;
				CLANG_WARN__DUPLICATE_METHOD_MATCH = YES;
				"CODE_SIGN_IDENTITY[sdk=iphoneos*]" = "iPhone Developer";
				COPY_PHASE_STRIP = NO;
				DEBUG_INFORMATION_FORMAT = dwarf;
				ENABLE_STRICT_OBJC_MSGSEND = YES;
				ENABLE_TESTABILITY = YES;
				GCC_C_LANGUAGE_STANDARD = gnu99;
				GCC_DYNAMIC_NO_PIC = NO;
				GCC_NO_COMMON_BLOCKS = YES;
				GCC_OPTIMIZATION_LEVEL = 0;
				GCC_PREPROCESSOR_DEFINITIONS = (
					"DEBUG=1",
					"$(inherited)",
				);
				GCC_WARN_64_TO_32_BIT_CONVERSION = YES;
				GCC_WARN_ABOUT_RETURN_TYPE = YES_ERROR;
				GCC_WARN_UNDECLARED_SELECTOR = YES;
				GCC_WARN_UNINITIALIZED_AUTOS = YES_AGGRESSIVE;
				GCC_WARN_UNUSED_FUNCTION = YES;
				GCC_WARN_UNUSED_VARIABLE = YES;
				IPHONEOS_DEPLOYMENT_TARGET = 9.2;
				MTL_ENABLE_DEBUG_INFO = YES;
				ONLY_ACTIVE_ARCH = YES;
				SDKROOT = iphoneos;
			};
			name = Debug;
		};
		63DEF8521CBCA0870093230C /* Release */ = {
			isa = XCBuildConfiguration;
			buildSettings = {
				ALWAYS_SEARCH_USER_PATHS = NO;
				CLANG_CXX_LANGUAGE_STANDARD = "gnu++0x";
				CLANG_CXX_LIBRARY = "libc++";
				CLANG_ENABLE_MODULES = YES;
				CLANG_ENABLE_OBJC_ARC = YES;
				CLANG_WARN_BOOL_CONVERSION = YES;
				CLANG_WARN_CONSTANT_CONVERSION = YES;
				CLANG_WARN_DIRECT_OBJC_ISA_USAGE = YES_ERROR;
				CLANG_WARN_EMPTY_BODY = YES;
				CLANG_WARN_ENUM_CONVERSION = YES;
				CLANG_WARN_INT_CONVERSION = YES;
				CLANG_WARN_OBJC_ROOT_CLASS = YES_ERROR;
				CLANG_WARN_UNREACHABLE_CODE = YES;
				CLANG_WARN__DUPLICATE_METHOD_MATCH = YES;
				"CODE_SIGN_IDENTITY[sdk=iphoneos*]" = "iPhone Developer";
				COPY_PHASE_STRIP = NO;
				DEBUG_INFORMATION_FORMAT = "dwarf-with-dsym";
				ENABLE_NS_ASSERTIONS = NO;
				ENABLE_STRICT_OBJC_MSGSEND = YES;
				GCC_C_LANGUAGE_STANDARD = gnu99;
				GCC_NO_COMMON_BLOCKS = YES;
				GCC_WARN_64_TO_32_BIT_CONVERSION = YES;
				GCC_WARN_ABOUT_RETURN_TYPE = YES_ERROR;
				GCC_WARN_UNDECLARED_SELECTOR = YES;
				GCC_WARN_UNINITIALIZED_AUTOS = YES_AGGRESSIVE;
				GCC_WARN_UNUSED_FUNCTION = YES;
				GCC_WARN_UNUSED_VARIABLE = YES;
				IPHONEOS_DEPLOYMENT_TARGET = 9.2;
				MTL_ENABLE_DEBUG_INFO = NO;
				SDKROOT = iphoneos;
				VALIDATE_PRODUCT = YES;
			};
			name = Release;
		};
		63DEF8541CBCA0870093230C /* Debug */ = {
			isa = XCBuildConfiguration;
			buildSettings = {
				ASSETCATALOG_COMPILER_APPICON_NAME = AppIcon;
				DEVELOPMENT_TEAM = M9UPX4LZRG;
				INFOPLIST_FILE = HaiFeiArrangeProject/Info.plist;
				LD_RUNPATH_SEARCH_PATHS = "$(inherited) @executable_path/Frameworks";
				PRODUCT_BUNDLE_IDENTIFIER = HaiFeiExplorer.HaiFeiArrangeProject;
				PRODUCT_NAME = "$(TARGET_NAME)";
			};
			name = Debug;
		};
		63DEF8551CBCA0870093230C /* Release */ = {
			isa = XCBuildConfiguration;
			buildSettings = {
				ASSETCATALOG_COMPILER_APPICON_NAME = AppIcon;
				DEVELOPMENT_TEAM = M9UPX4LZRG;
				INFOPLIST_FILE = HaiFeiArrangeProject/Info.plist;
				LD_RUNPATH_SEARCH_PATHS = "$(inherited) @executable_path/Frameworks";
				PRODUCT_BUNDLE_IDENTIFIER = HaiFeiExplorer.HaiFeiArrangeProject;
				PRODUCT_NAME = "$(TARGET_NAME)";
			};
			name = Release;
		};
		63DEF8571CBCA0870093230C /* Debug */ = {
			isa = XCBuildConfiguration;
			buildSettings = {
				BUNDLE_LOADER = "$(TEST_HOST)";
				INFOPLIST_FILE = HaiFeiArrangeProjectTests/Info.plist;
				LD_RUNPATH_SEARCH_PATHS = "$(inherited) @executable_path/Frameworks @loader_path/Frameworks";
				PRODUCT_BUNDLE_IDENTIFIER = HaiFeiExplorer.HaiFeiArrangeProjectTests;
				PRODUCT_NAME = "$(TARGET_NAME)";
				TEST_HOST = "$(BUILT_PRODUCTS_DIR)/HaiFeiArrangeProject.app/HaiFeiArrangeProject";
			};
			name = Debug;
		};
		63DEF8581CBCA0870093230C /* Release */ = {
			isa = XCBuildConfiguration;
			buildSettings = {
				BUNDLE_LOADER = "$(TEST_HOST)";
				INFOPLIST_FILE = HaiFeiArrangeProjectTests/Info.plist;
				LD_RUNPATH_SEARCH_PATHS = "$(inherited) @executable_path/Frameworks @loader_path/Frameworks";
				PRODUCT_BUNDLE_IDENTIFIER = HaiFeiExplorer.HaiFeiArrangeProjectTests;
				PRODUCT_NAME = "$(TARGET_NAME)";
				TEST_HOST = "$(BUILT_PRODUCTS_DIR)/HaiFeiArrangeProject.app/HaiFeiArrangeProject";
			};
			name = Release;
		};
		63DEF85A1CBCA0870093230C /* Debug */ = {
			isa = XCBuildConfiguration;
			buildSettings = {
				INFOPLIST_FILE = HaiFeiArrangeProjectUITests/Info.plist;
				LD_RUNPATH_SEARCH_PATHS = "$(inherited) @executable_path/Frameworks @loader_path/Frameworks";
				PRODUCT_BUNDLE_IDENTIFIER = HaiFeiExplorer.HaiFeiArrangeProjectUITests;
				PRODUCT_NAME = "$(TARGET_NAME)";
				TEST_TARGET_NAME = HaiFeiArrangeProject;
				USES_XCTRUNNER = YES;
			};
			name = Debug;
		};
		63DEF85B1CBCA0870093230C /* Release */ = {
			isa = XCBuildConfiguration;
			buildSettings = {
				INFOPLIST_FILE = HaiFeiArrangeProjectUITests/Info.plist;
				LD_RUNPATH_SEARCH_PATHS = "$(inherited) @executable_path/Frameworks @loader_path/Frameworks";
				PRODUCT_BUNDLE_IDENTIFIER = HaiFeiExplorer.HaiFeiArrangeProjectUITests;
				PRODUCT_NAME = "$(TARGET_NAME)";
				TEST_TARGET_NAME = HaiFeiArrangeProject;
				USES_XCTRUNNER = YES;
			};
			name = Release;
		};
/* End XCBuildConfiguration section */

/* Begin XCConfigurationList section */
		63DEF8211CBCA0870093230C /* Build configuration list for PBXProject "HaiFeiArrangeProject" */ = {
			isa = XCConfigurationList;
			buildConfigurations = (
				63DEF8511CBCA0870093230C /* Debug */,
				63DEF8521CBCA0870093230C /* Release */,
			);
			defaultConfigurationIsVisible = 0;
			defaultConfigurationName = Release;
		};
		63DEF8531CBCA0870093230C /* Build configuration list for PBXNativeTarget "HaiFeiArrangeProject" */ = {
			isa = XCConfigurationList;
			buildConfigurations = (
				63DEF8541CBCA0870093230C /* Debug */,
				63DEF8551CBCA0870093230C /* Release */,
			);
			defaultConfigurationIsVisible = 0;
			defaultConfigurationName = Release;
		};
		63DEF8561CBCA0870093230C /* Build configuration list for PBXNativeTarget "HaiFeiArrangeProjectTests" */ = {
			isa = XCConfigurationList;
			buildConfigurations = (
				63DEF8571CBCA0870093230C /* Debug */,
				63DEF8581CBCA0870093230C /* Release */,
			);
			defaultConfigurationIsVisible = 0;
			defaultConfigurationName = Release;
		};
		63DEF8591CBCA0870093230C /* Build configuration list for PBXNativeTarget "HaiFeiArrangeProjectUITests" */ = {
			isa = XCConfigurationList;
			buildConfigurations = (
				63DEF85A1CBCA0870093230C /* Debug */,
				63DEF85B1CBCA0870093230C /* Release */,
			);
			defaultConfigurationIsVisible = 0;
			defaultConfigurationName = Release;
		};
/* End XCConfigurationList section */
	};
	rootObject = 63DEF81E1CBCA0870093230C /* Project object */;
}
